# THIS IS AN AUTOGENERATED FILE. DO NOT EDIT THIS FILE DIRECTLY.
# yarn lockfile v1


"es6-object-assign@^1.1.0":
  "integrity" "sha512-MEl9uirslVwqQU369iHNWZXsI8yaZYGg/D65aOgZkeyFJwHYSxilf7rQzXKI7DdDuBPrBXbfk3sl9hJhmd5AUw=="
  "resolved" "https://registry.npmmirror.com/es6-object-assign/-/es6-object-assign-1.1.0.tgz"
  "version" "1.1.0"

"github-markdown-css@^5.1.0":
  "integrity" "sha512-QLtORwHHtUHhPMHu7i4GKfP6Vx5CWZn+NKQXe+cBhslY1HEt0CTEkP4d/vSROKV0iIJSpl4UtlQ16AD8C6lMug=="
  "resolved" "https://registry.npmmirror.com/github-markdown-css/-/github-markdown-css-5.1.0.tgz"
  "version" "5.1.0"

"jquery@^3.6.0":
  "integrity" "sha512-JVzAR/AjBvVt2BmYhxRCSYysDsPcssdmTFnzyLEts9qNwmjmu4JTAMYubEfwVOSwpQ1I1sKKFcxhZCI2buerfw=="
  "resolved" "https://registry.npmmirror.com/jquery/-/jquery-3.6.0.tgz"
  "version" "3.6.0"

"marked@^4.0.18":
  "integrity" "sha512-wbLDJ7Zh0sqA0Vdg6aqlbT+yPxqLblpAZh1mK2+AO2twQkPywvvqQNfEPVwSSRjZ7dZcdeVBIAgiO7MMp3Dszw=="
  "resolved" "https://registry.npmmirror.com/marked/-/marked-4.0.18.tgz"
  "version" "4.0.18"

"promise-polyfill@^6.0.2":
  "integrity" "sha512-g0LWaH0gFsxovsU7R5LrrhHhWAWiHRnh1GPrhXnPgYsDkIqjRYUYSZEsej/wtleDrz5xVSIDbeKfidztp2XHFQ=="
  "resolved" "https://registry.npmmirror.com/promise-polyfill/-/promise-polyfill-6.1.0.tgz"
  "version" "6.1.0"

"sweetalert@^2.1.2":
  "integrity" "sha512-iWx7X4anRBNDa/a+AdTmvAzQtkN1+s4j/JJRWlHpYE8Qimkohs8/XnFcWeYHH2lMA8LRCa5tj2d244If3S/hzA=="
  "resolved" "https://registry.npmmirror.com/sweetalert/-/sweetalert-2.1.2.tgz"
  "version" "2.1.2"
  dependencies:
    "es6-object-assign" "^1.1.0"
    "promise-polyfill" "^6.0.2"
